// !$*UTF8*$!
{
	archiveVersion = 1;
	classes = {
	};
	objectVersion = 50;
	objects = {

/* Begin PBXBuildFile section */
		422522032306E9A800B66C5B /* AppDelegate.swift in Sources */ = {isa = PBXBuildFile; fileRef = 422522022306E9A800B66C5B /* AppDelegate.swift */; };
		422522052306E9A800B66C5B /* ViewController.swift in Sources */ = {isa = PBXBuildFile; fileRef = 422522042306E9A800B66C5B /* ViewController.swift */; };
		422522082306E9A800B66C5B /* Main.storyboard in Resources */ = {isa = PBXBuildFile; fileRef = 422522062306E9A800B66C5B /* Main.storyboard */; };
		4225220A2306E9A900B66C5B /* Assets.xcassets in Resources */ = {isa = PBXBuildFile; fileRef = 422522092306E9A900B66C5B /* Assets.xcassets */; };
		4225220D2306E9A900B66C5B /* LaunchScreen.storyboard in Resources */ = {isa = PBXBuildFile; fileRef = 4225220B2306E9A900B66C5B /* LaunchScreen.storyboard */; };
		422522182306E9A900B66C5B /* ID_estudanteTests.swift in Sources */ = {isa = PBXBuildFile; fileRef = 422522172306E9A900B66C5B /* ID_estudanteTests.swift */; };
		422522232306E9A900B66C5B /* ID_estudanteUITests.swift in Sources */ = {isa = PBXBuildFile; fileRef = 422522222306E9A900B66C5B /* ID_estudanteUITests.swift */; };
		42452BC3230B05260020BCCA /* QRScannerViewController.swift in Sources */ = {isa = PBXBuildFile; fileRef = 42452BC2230B05260020BCCA /* QRScannerViewController.swift */; };
		42452BC9230B066C0020BCCA /* QRScannerView.swift in Sources */ = {isa = PBXBuildFile; fileRef = 42452BC8230B066C0020BCCA /* QRScannerView.swift */; };
		42452BCC230B07E90020BCCA /* QRData.swift in Sources */ = {isa = PBXBuildFile; fileRef = 42452BCB230B07E90020BCCA /* QRData.swift */; };
		42452BCE230B10FC0020BCCA /* DetailViewController.swift in Sources */ = {isa = PBXBuildFile; fileRef = 42452BCD230B10FC0020BCCA /* DetailViewController.swift */; };
		429BAD05230DC7320031ED19 /* InfoViewController.swift in Sources */ = {isa = PBXBuildFile; fileRef = 429BAD04230DC7320031ED19 /* InfoViewController.swift */; };
/* End PBXBuildFile section */

/* Begin PBXContainerItemProxy section */
		422522142306E9A900B66C5B /* PBXContainerItemProxy */ = {
			isa = PBXContainerItemProxy;
			containerPortal = 422521F72306E9A800B66C5B /* Project object */;
			proxyType = 1;
			remoteGlobalIDString = 422521FE2306E9A800B66C5B;
			remoteInfo = ID_estudante;
		};
		4225221F2306E9A900B66C5B /* PBXContainerItemProxy */ = {
			isa = PBXContainerItemProxy;
			containerPortal = 422521F72306E9A800B66C5B /* Project object */;
			proxyType = 1;
			remoteGlobalIDString = 422521FE2306E9A800B66C5B;
			remoteInfo = ID_estudante;
		};
/* End PBXContainerItemProxy section */

/* Begin PBXFileReference section */
		422521FF2306E9A800B66C5B /* ID_estudante.app */ = {isa = PBXFileReference; explicitFileType = wrapper.application; includeInIndex = 0; path = ID_estudante.app; sourceTree = BUILT_PRODUCTS_DIR; };
		422522022306E9A800B66C5B /* AppDelegate.swift */ = {isa = PBXFileReference; lastKnownFileType = sourcecode.swift; path = AppDelegate.swift; sourceTree = "<group>"; };
		422522042306E9A800B66C5B /* ViewController.swift */ = {isa = PBXFileReference; lastKnownFileType = sourcecode.swift; path = ViewController.swift; sourceTree = "<group>"; };
		422522072306E9A800B66C5B /* Base */ = {isa = PBXFileReference; lastKnownFileType = file.storyboard; name = Base; path = Base.lproj/Main.storyboard; sourceTree = "<group>"; };
		422522092306E9A900B66C5B /* Assets.xcassets */ = {isa = PBXFileReference; lastKnownFileType = folder.assetcatalog; path = Assets.xcassets; sourceTree = "<group>"; };
		4225220C2306E9A900B66C5B /* Base */ = {isa = PBXFileReference; lastKnownFileType = file.storyboard; name = Base; path = Base.lproj/LaunchScreen.storyboard; sourceTree = "<group>"; };
		4225220E2306E9A900B66C5B /* Info.plist */ = {isa = PBXFileReference; lastKnownFileType = text.plist.xml; path = Info.plist; sourceTree = "<group>"; };
		422522132306E9A900B66C5B /* ID_estudanteTests.xctest */ = {isa = PBXFileReference; explicitFileType = wrapper.cfbundle; includeInIndex = 0; path = ID_estudanteTests.xctest; sourceTree = BUILT_PRODUCTS_DIR; };
		422522172306E9A900B66C5B /* ID_estudanteTests.swift */ = {isa = PBXFileReference; lastKnownFileType = sourcecode.swift; path = ID_estudanteTests.swift; sourceTree = "<group>"; };
		422522192306E9A900B66C5B /* Info.plist */ = {isa = PBXFileReference; lastKnownFileType = text.plist.xml; path = Info.plist; sourceTree = "<group>"; };
		4225221E2306E9A900B66C5B /* ID_estudanteUITests.xctest */ = {isa = PBXFileReference; explicitFileType = wrapper.cfbundle; includeInIndex = 0; path = ID_estudanteUITests.xctest; sourceTree = BUILT_PRODUCTS_DIR; };
		422522222306E9A900B66C5B /* ID_estudanteUITests.swift */ = {isa = PBXFileReference; lastKnownFileType = sourcecode.swift; path = ID_estudanteUITests.swift; sourceTree = "<group>"; };
		422522242306E9A900B66C5B /* Info.plist */ = {isa = PBXFileReference; lastKnownFileType = text.plist.xml; path = Info.plist; sourceTree = "<group>"; };
		42452BC2230B05260020BCCA /* QRScannerViewController.swift */ = {isa = PBXFileReference; lastKnownFileType = sourcecode.swift; path = QRScannerViewController.swift; sourceTree = "<group>"; };
		42452BC8230B066C0020BCCA /* QRScannerView.swift */ = {isa = PBXFileReference; lastKnownFileType = sourcecode.swift; path = QRScannerView.swift; sourceTree = "<group>"; };
		42452BCB230B07E90020BCCA /* QRData.swift */ = {isa = PBXFileReference; lastKnownFileType = sourcecode.swift; path = QRData.swift; sourceTree = "<group>"; };
		42452BCD230B10FC0020BCCA /* DetailViewController.swift */ = {isa = PBXFileReference; lastKnownFileType = sourcecode.swift; path = DetailViewController.swift; sourceTree = "<group>"; };
		429BAD04230DC7320031ED19 /* InfoViewController.swift */ = {isa = PBXFileReference; lastKnownFileType = sourcecode.swift; path = InfoViewController.swift; sourceTree = "<group>"; };
/* End PBXFileReference section */

/* Begin PBXFrameworksBuildPhase section */
		422521FC2306E9A800B66C5B /* Frameworks */ = {
			isa = PBXFrameworksBuildPhase;
			buildActionMask = 2147483647;
			files = (
			);
			runOnlyForDeploymentPostprocessing = 0;
		};
		422522102306E9A900B66C5B /* Frameworks */ = {
			isa = PBXFrameworksBuildPhase;
			buildActionMask = 2147483647;
			files = (
			);
			runOnlyForDeploymentPostprocessing = 0;
		};
		4225221B2306E9A900B66C5B /* Frameworks */ = {
			isa = PBXFrameworksBuildPhase;
			buildActionMask = 2147483647;
			files = (
			);
			runOnlyForDeploymentPostprocessing = 0;
		};
/* End PBXFrameworksBuildPhase section */

/* Begin PBXGroup section */
		422521F62306E9A800B66C5B = {
			isa = PBXGroup;
			children = (
				422522012306E9A800B66C5B /* ID_estudante */,
				422522162306E9A900B66C5B /* ID_estudanteTests */,
				422522212306E9A900B66C5B /* ID_estudanteUITests */,
				422522002306E9A800B66C5B /* Products */,
			);
			sourceTree = "<group>";
		};
		422522002306E9A800B66C5B /* Products */ = {
			isa = PBXGroup;
			children = (
				422521FF2306E9A800B66C5B /* ID_estudante.app */,
				422522132306E9A900B66C5B /* ID_estudanteTests.xctest */,
				4225221E2306E9A900B66C5B /* ID_estudanteUITests.xctest */,
			);
			name = Products;
			sourceTree = "<group>";
		};
		422522012306E9A800B66C5B /* ID_estudante */ = {
			isa = PBXGroup;
			children = (
				422522022306E9A800B66C5B /* AppDelegate.swift */,
				42452BCA230B07D50020BCCA /* Model */,
				42452BC6230B06280020BCCA /* View */,
				42452BC4230B06020020BCCA /* Controller */,
				422522092306E9A900B66C5B /* Assets.xcassets */,
				4225220E2306E9A900B66C5B /* Info.plist */,
			);
			path = ID_estudante;
			sourceTree = "<group>";
		};
		422522162306E9A900B66C5B /* ID_estudanteTests */ = {
			isa = PBXGroup;
			children = (
				422522172306E9A900B66C5B /* ID_estudanteTests.swift */,
				422522192306E9A900B66C5B /* Info.plist */,
			);
			path = ID_estudanteTests;
			sourceTree = "<group>";
		};
		422522212306E9A900B66C5B /* ID_estudanteUITests */ = {
			isa = PBXGroup;
			children = (
				422522222306E9A900B66C5B /* ID_estudanteUITests.swift */,
				422522242306E9A900B66C5B /* Info.plist */,
			);
			path = ID_estudanteUITests;
			sourceTree = "<group>";
		};
		42452BC4230B06020020BCCA /* Controller */ = {
			isa = PBXGroup;
			children = (
				42452BC2230B05260020BCCA /* QRScannerViewController.swift */,
				422522042306E9A800B66C5B /* ViewController.swift */,
				42452BCD230B10FC0020BCCA /* DetailViewController.swift */,
				429BAD04230DC7320031ED19 /* InfoViewController.swift */,
			);
			path = Controller;
			sourceTree = "<group>";
		};
		42452BC6230B06280020BCCA /* View */ = {
			isa = PBXGroup;
			children = (
				42452BC7230B06370020BCCA /* Storyboards */,
				42452BC8230B066C0020BCCA /* QRScannerView.swift */,
			);
			path = View;
			sourceTree = "<group>";
		};
		42452BC7230B06370020BCCA /* Storyboards */ = {
			isa = PBXGroup;
			children = (
				4225220B2306E9A900B66C5B /* LaunchScreen.storyboard */,
				422522062306E9A800B66C5B /* Main.storyboard */,
			);
			path = Storyboards;
			sourceTree = "<group>";
		};
		42452BCA230B07D50020BCCA /* Model */ = {
			isa = PBXGroup;
			children = (
				42452BCB230B07E90020BCCA /* QRData.swift */,
			);
			path = Model;
			sourceTree = "<group>";
		};
/* End PBXGroup section */

/* Begin PBXNativeTarget section */
		422521FE2306E9A800B66C5B /* ID_estudante */ = {
			isa = PBXNativeTarget;
			buildConfigurationList = 422522272306E9A900B66C5B /* Build configuration list for PBXNativeTarget "ID_estudante" */;
			buildPhases = (
				422521FB2306E9A800B66C5B /* Sources */,
				422521FC2306E9A800B66C5B /* Frameworks */,
				422521FD2306E9A800B66C5B /* Resources */,
			);
			buildRules = (
			);
			dependencies = (
			);
			name = ID_estudante;
			productName = ID_estudante;
			productReference = 422521FF2306E9A800B66C5B /* ID_estudante.app */;
			productType = "com.apple.product-type.application";
		};
		422522122306E9A900B66C5B /* ID_estudanteTests */ = {
			isa = PBXNativeTarget;
			buildConfigurationList = 4225222A2306E9A900B66C5B /* Build configuration list for PBXNativeTarget "ID_estudanteTests" */;
			buildPhases = (
				4225220F2306E9A900B66C5B /* Sources */,
				422522102306E9A900B66C5B /* Frameworks */,
				422522112306E9A900B66C5B /* Resources */,
			);
			buildRules = (
			);
			dependencies = (
				422522152306E9A900B66C5B /* PBXTargetDependency */,
			);
			name = ID_estudanteTests;
			productName = ID_estudanteTests;
			productReference = 422522132306E9A900B66C5B /* ID_estudanteTests.xctest */;
			productType = "com.apple.product-type.bundle.unit-test";
		};
		4225221D2306E9A900B66C5B /* ID_estudanteUITests */ = {
			isa = PBXNativeTarget;
			buildConfigurationList = 4225222D2306E9A900B66C5B /* Build configuration list for PBXNativeTarget "ID_estudanteUITests" */;
			buildPhases = (
				4225221A2306E9A900B66C5B /* Sources */,
				4225221B2306E9A900B66C5B /* Frameworks */,
				4225221C2306E9A900B66C5B /* Resources */,
			);
			buildRules = (
			);
			dependencies = (
				422522202306E9A900B66C5B /* PBXTargetDependency */,
			);
			name = ID_estudanteUITests;
			productName = ID_estudanteUITests;
			productReference = 4225221E2306E9A900B66C5B /* ID_estudanteUITests.xctest */;
			productType = "com.apple.product-type.bundle.ui-testing";
		};
/* End PBXNativeTarget section */

/* Begin PBXProject section */
		422521F72306E9A800B66C5B /* Project object */ = {
			isa = PBXProject;
			attributes = {
				LastSwiftUpdateCheck = 1030;
				LastUpgradeCheck = 1030;
				ORGANIZATIONNAME = LabSEC;
				TargetAttributes = {
					422521FE2306E9A800B66C5B = {
						CreatedOnToolsVersion = 10.3;
					};
					422522122306E9A900B66C5B = {
						CreatedOnToolsVersion = 10.3;
						TestTargetID = 422521FE2306E9A800B66C5B;
					};
					4225221D2306E9A900B66C5B = {
						CreatedOnToolsVersion = 10.3;
						TestTargetID = 422521FE2306E9A800B66C5B;
					};
				};
			};
			buildConfigurationList = 422521FA2306E9A800B66C5B /* Build configuration list for PBXProject "ID_estudante" */;
			compatibilityVersion = "Xcode 9.3";
			developmentRegion = en;
			hasScannedForEncodings = 0;
			knownRegions = (
				en,
				Base,
			);
			mainGroup = 422521F62306E9A800B66C5B;
			productRefGroup = 422522002306E9A800B66C5B /* Products */;
			projectDirPath = "";
			projectRoot = "";
			targets = (
				422521FE2306E9A800B66C5B /* ID_estudante */,
				422522122306E9A900B66C5B /* ID_estudanteTests */,
				4225221D2306E9A900B66C5B /* ID_estudanteUITests */,
			);
		};
/* End PBXProject section */

/* Begin PBXResourcesBuildPhase section */
		422521FD2306E9A800B66C5B /* Resources */ = {
			isa = PBXResourcesBuildPhase;
			buildActionMask = 2147483647;
			files = (
				4225220D2306E9A900B66C5B /* LaunchScreen.storyboard in Resources */,
				4225220A2306E9A900B66C5B /* Assets.xcassets in Resources */,
				422522082306E9A800B66C5B /* Main.storyboard in Resources */,
			);
			runOnlyForDeploymentPostprocessing = 0;
		};
		422522112306E9A900B66C5B /* Resources */ = {
			isa = PBXResourcesBuildPhase;
			buildActionMask = 2147483647;
			files = (
			);
			runOnlyForDeploymentPostprocessing = 0;
		};
		4225221C2306E9A900B66C5B /* Resources */ = {
			isa = PBXResourcesBuildPhase;
			buildActionMask = 2147483647;
			files = (
			);
			runOnlyForDeploymentPostprocessing = 0;
		};
/* End PBXResourcesBuildPhase section */

/* Begin PBXSourcesBuildPhase section */
		422521FB2306E9A800B66C5B /* Sources */ = {
			isa = PBXSourcesBuildPhase;
			buildActionMask = 2147483647;
			files = (
				422522052306E9A800B66C5B /* ViewController.swift in Sources */,
				422522032306E9A800B66C5B /* AppDelegate.swift in Sources */,
				42452BC9230B066C0020BCCA /* QRScannerView.swift in Sources */,
				429BAD05230DC7320031ED19 /* InfoViewController.swift in Sources */,
				42452BCE230B10FC0020BCCA /* DetailViewController.swift in Sources */,
				42452BC3230B05260020BCCA /* QRScannerViewController.swift in Sources */,
				42452BCC230B07E90020BCCA /* QRData.swift in Sources */,
			);
			runOnlyForDeploymentPostprocessing = 0;
		};
		4225220F2306E9A900B66C5B /* Sources */ = {
			isa = PBXSourcesBuildPhase;
			buildActionMask = 2147483647;
			files = (
				422522182306E9A900B66C5B /* ID_estudanteTests.swift in Sources */,
			);
			runOnlyForDeploymentPostprocessing = 0;
		};
		4225221A2306E9A900B66C5B /* Sources */ = {
			isa = PBXSourcesBuildPhase;
			buildActionMask = 2147483647;
			files = (
				422522232306E9A900B66C5B /* ID_estudanteUITests.swift in Sources */,
			);
			runOnlyForDeploymentPostprocessing = 0;
		};
/* End PBXSourcesBuildPhase section */

/* Begin PBXTargetDependency section */
		422522152306E9A900B66C5B /* PBXTargetDependency */ = {
			isa = PBXTargetDependency;
			target = 422521FE2306E9A800B66C5B /* ID_estudante */;
			targetProxy = 422522142306E9A900B66C5B /* PBXContainerItemProxy */;
		};
		422522202306E9A900B66C5B /* PBXTargetDependency */ = {
			isa = PBXTargetDependency;
			target = 422521FE2306E9A800B66C5B /* ID_estudante */;
			targetProxy = 4225221F2306E9A900B66C5B /* PBXContainerItemProxy */;
		};
/* End PBXTargetDependency section */

/* Begin PBXVariantGroup section */
		422522062306E9A800B66C5B /* Main.storyboard */ = {
			isa = PBXVariantGroup;
			children = (
				422522072306E9A800B66C5B /* Base */,
			);
			name = Main.storyboard;
			sourceTree = "<group>";
		};
		4225220B2306E9A900B66C5B /* LaunchScreen.storyboard */ = {
			isa = PBXVariantGroup;
			children = (
				4225220C2306E9A900B66C5B /* Base */,
			);
			name = LaunchScreen.storyboard;
			sourceTree = "<group>";
		};
/* End PBXVariantGroup section */

/* Begin XCBuildConfiguration section */
		422522252306E9A900B66C5B /* Debug */ = {
			isa = XCBuildConfiguration;
			buildSettings = {
				ALWAYS_SEARCH_USER_PATHS = NO;
				CLANG_ANALYZER_NONNULL = YES;
				CLANG_ANALYZER_NUMBER_OBJECT_CONVERSION = YES_AGGRESSIVE;
				CLANG_CXX_LANGUAGE_STANDARD = "gnu++14";
				CLANG_CXX_LIBRARY = "libc++";
				CLANG_ENABLE_MODULES = YES;
				CLANG_ENABLE_OBJC_ARC = YES;
				CLANG_ENABLE_OBJC_WEAK = YES;
				CLANG_WARN_BLOCK_CAPTURE_AUTORELEASING = YES;
				CLANG_WARN_BOOL_CONVERSION = YES;
				CLANG_WARN_COMMA = YES;
				CLANG_WARN_CONSTANT_CONVERSION = YES;
				CLANG_WARN_DEPRECATED_OBJC_IMPLEMENTATIONS = YES;
				CLANG_WARN_DIRECT_OBJC_ISA_USAGE = YES_ERROR;
				CLANG_WARN_DOCUMENTATION_COMMENTS = YES;
				CLANG_WARN_EMPTY_BODY = YES;
				CLANG_WARN_ENUM_CONVERSION = YES;
				CLANG_WARN_INFINITE_RECURSION = YES;
				CLANG_WARN_INT_CONVERSION = YES;
				CLANG_WARN_NON_LITERAL_NULL_CONVERSION = YES;
				CLANG_WARN_OBJC_IMPLICIT_RETAIN_SELF = YES;
				CLANG_WARN_OBJC_LITERAL_CONVERSION = YES;
				CLANG_WARN_OBJC_ROOT_CLASS = YES_ERROR;
				CLANG_WARN_RANGE_LOOP_ANALYSIS = YES;
				CLANG_WARN_STRICT_PROTOTYPES = YES;
				CLANG_WARN_SUSPICIOUS_MOVE = YES;
				CLANG_WARN_UNGUARDED_AVAILABILITY = YES_AGGRESSIVE;
				CLANG_WARN_UNREACHABLE_CODE = YES;
				CLANG_WARN__DUPLICATE_METHOD_MATCH = YES;
				CODE_SIGN_IDENTITY = "iPhone Developer";
				COPY_PHASE_STRIP = NO;
				DEBUG_INFORMATION_FORMAT = dwarf;
				ENABLE_STRICT_OBJC_MSGSEND = YES;
				ENABLE_TESTABILITY = YES;
				GCC_C_LANGUAGE_STANDARD = gnu11;
				GCC_DYNAMIC_NO_PIC = NO;
				GCC_NO_COMMON_BLOCKS = YES;
				GCC_OPTIMIZATION_LEVEL = 0;
				GCC_PREPROCESSOR_DEFINITIONS = (
					"DEBUG=1",
					"$(inherited)",
				);
				GCC_WARN_64_TO_32_BIT_CONVERSION = YES;
				GCC_WARN_ABOUT_RETURN_TYPE = YES_ERROR;
				GCC_WARN_UNDECLARED_SELECTOR = YES;
				GCC_WARN_UNINITIALIZED_AUTOS = YES_AGGRESSIVE;
				GCC_WARN_UNUSED_FUNCTION = YES;
				GCC_WARN_UNUSED_VARIABLE = YES;
				IPHONEOS_DEPLOYMENT_TARGET = 10.0;
				MTL_ENABLE_DEBUG_INFO = INCLUDE_SOURCE;
				MTL_FAST_MATH = YES;
				ONLY_ACTIVE_ARCH = YES;
				SDKROOT = iphoneos;
				SWIFT_ACTIVE_COMPILATION_CONDITIONS = DEBUG;
				SWIFT_OPTIMIZATION_LEVEL = "-Onone";
			};
			name = Debug;
		};
		422522262306E9A900B66C5B /* Release */ = {
			isa = XCBuildConfiguration;
			buildSettings = {
				ALWAYS_SEARCH_USER_PATHS = NO;
				CLANG_ANALYZER_NONNULL = YES;
				CLANG_ANALYZER_NUMBER_OBJECT_CONVERSION = YES_AGGRESSIVE;
				CLANG_CXX_LANGUAGE_STANDARD = "gnu++14";
				CLANG_CXX_LIBRARY = "libc++";
				CLANG_ENABLE_MODULES = YES;
				CLANG_ENABLE_OBJC_ARC = YES;
				CLANG_ENABLE_OBJC_WEAK = YES;
				CLANG_WARN_BLOCK_CAPTURE_AUTORELEASING = YES;
				CLANG_WARN_BOOL_CONVERSION = YES;
				CLANG_WARN_COMMA = YES;
				CLANG_WARN_CONSTANT_CONVERSION = YES;
				CLANG_WARN_DEPRECATED_OBJC_IMPLEMENTATIONS = YES;
				CLANG_WARN_DIRECT_OBJC_ISA_USAGE = YES_ERROR;
				CLANG_WARN_DOCUMENTATION_COMMENTS = YES;
				CLANG_WARN_EMPTY_BODY = YES;
				CLANG_WARN_ENUM_CONVERSION = YES;
				CLANG_WARN_INFINITE_RECURSION = YES;
				CLANG_WARN_INT_CONVERSION = YES;
				CLANG_WARN_NON_LITERAL_NULL_CONVERSION = YES;
				CLANG_WARN_OBJC_IMPLICIT_RETAIN_SELF = YES;
				CLANG_WARN_OBJC_LITERAL_CONVERSION = YES;
				CLANG_WARN_OBJC_ROOT_CLASS = YES_ERROR;
				CLANG_WARN_RANGE_LOOP_ANALYSIS = YES;
				CLANG_WARN_STRICT_PROTOTYPES = YES;
				CLANG_WARN_SUSPICIOUS_MOVE = YES;
				CLANG_WARN_UNGUARDED_AVAILABILITY = YES_AGGRESSIVE;
				CLANG_WARN_UNREACHABLE_CODE = YES;
				CLANG_WARN__DUPLICATE_METHOD_MATCH = YES;
				CODE_SIGN_IDENTITY = "iPhone Developer";
				COPY_PHASE_STRIP = NO;
				DEBUG_INFORMATION_FORMAT = "dwarf-with-dsym";
				ENABLE_NS_ASSERTIONS = NO;
				ENABLE_STRICT_OBJC_MSGSEND = YES;
				GCC_C_LANGUAGE_STANDARD = gnu11;
				GCC_NO_COMMON_BLOCKS = YES;
				GCC_WARN_64_TO_32_BIT_CONVERSION = YES;
				GCC_WARN_ABOUT_RETURN_TYPE = YES_ERROR;
				GCC_WARN_UNDECLARED_SELECTOR = YES;
				GCC_WARN_UNINITIALIZED_AUTOS = YES_AGGRESSIVE;
				GCC_WARN_UNUSED_FUNCTION = YES;
				GCC_WARN_UNUSED_VARIABLE = YES;
				IPHONEOS_DEPLOYMENT_TARGET = 10.0;
				MTL_ENABLE_DEBUG_INFO = NO;
				MTL_FAST_MATH = YES;
				SDKROOT = iphoneos;
				SWIFT_COMPILATION_MODE = wholemodule;
				SWIFT_OPTIMIZATION_LEVEL = "-O";
				VALIDATE_PRODUCT = YES;
			};
			name = Release;
		};
		422522282306E9A900B66C5B /* Debug */ = {
			isa = XCBuildConfiguration;
			buildSettings = {
				ASSETCATALOG_COMPILER_APPICON_NAME = AppIcon;
				CODE_SIGN_STYLE = Automatic;
				DEVELOPMENT_TEAM = 4QVV26FKG9;
				INFOPLIST_FILE = ID_estudante/Info.plist;
				LD_RUNPATH_SEARCH_PATHS = (
					"$(inherited)",
					"@executable_path/Frameworks",
				);
				PRODUCT_BUNDLE_IDENTIFIER = "labsec.ID-estudante";
				PRODUCT_NAME = "$(TARGET_NAME)";
				SWIFT_VERSION = 5.0;
				TARGETED_DEVICE_FAMILY = "1,2";
			};
			name = Debug;
		};
		422522292306E9A900B66C5B /* Release */ = {
			isa = XCBuildConfiguration;
			buildSettings = {
				ASSETCATALOG_COMPILER_APPICON_NAME = AppIcon;
				CODE_SIGN_STYLE = Automatic;
				DEVELOPMENT_TEAM = 4QVV26FKG9;
				INFOPLIST_FILE = ID_estudante/Info.plist;
				LD_RUNPATH_SEARCH_PATHS = (
					"$(inherited)",
					"@executable_path/Frameworks",
				);
				PRODUCT_BUNDLE_IDENTIFIER = "labsec.ID-estudante";
				PRODUCT_NAME = "$(TARGET_NAME)";
				SWIFT_VERSION = 5.0;
				TARGETED_DEVICE_FAMILY = "1,2";
			};
			name = Release;
		};
		4225222B2306E9A900B66C5B /* Debug */ = {
			isa = XCBuildConfiguration;
			buildSettings = {
				ALWAYS_EMBED_SWIFT_STANDARD_LIBRARIES = YES;
				BUNDLE_LOADER = "$(TEST_HOST)";
				CODE_SIGN_STYLE = Automatic;
				INFOPLIST_FILE = ID_estudanteTests/Info.plist;
				LD_RUNPATH_SEARCH_PATHS = (
					"$(inherited)",
					"@executable_path/Frameworks",
					"@loader_path/Frameworks",
				);
				PRODUCT_BUNDLE_IDENTIFIER = "labsec.ID-estudanteTests";
				PRODUCT_NAME = "$(TARGET_NAME)";
				SWIFT_VERSION = 5.0;
				TARGETED_DEVICE_FAMILY = "1,2";
				TEST_HOST = "$(BUILT_PRODUCTS_DIR)/ID_estudante.app/ID_estudante";
			};
			name = Debug;
		};
		4225222C2306E9A900B66C5B /* Release */ = {
			isa = XCBuildConfiguration;
			buildSettings = {
				ALWAYS_EMBED_SWIFT_STANDARD_LIBRARIES = YES;
				BUNDLE_LOADER = "$(TEST_HOST)";
				CODE_SIGN_STYLE = Automatic;
				INFOPLIST_FILE = ID_estudanteTests/Info.plist;
				LD_RUNPATH_SEARCH_PATHS = (
					"$(inherited)",
					"@executable_path/Frameworks",
					"@loader_path/Frameworks",
				);
				PRODUCT_BUNDLE_IDENTIFIER = "labsec.ID-estudanteTests";
				PRODUCT_NAME = "$(TARGET_NAME)";
				SWIFT_VERSION = 5.0;
				TARGETED_DEVICE_FAMILY = "1,2";
				TEST_HOST = "$(BUILT_PRODUCTS_DIR)/ID_estudante.app/ID_estudante";
			};
			name = Release;
		};
		4225222E2306E9A900B66C5B /* Debug */ = {
			isa = XCBuildConfiguration;
			buildSettings = {
				ALWAYS_EMBED_SWIFT_STANDARD_LIBRARIES = YES;
				CODE_SIGN_STYLE = Automatic;
				INFOPLIST_FILE = ID_estudanteUITests/Info.plist;
				LD_RUNPATH_SEARCH_PATHS = (
					"$(inherited)",
					"@executable_path/Frameworks",
					"@loader_path/Frameworks",
				);
				PRODUCT_BUNDLE_IDENTIFIER = "labsec.ID-estudanteUITests";
				PRODUCT_NAME = "$(TARGET_NAME)";
				SWIFT_VERSION = 5.0;
				TARGETED_DEVICE_FAMILY = "1,2";
				TEST_TARGET_NAME = ID_estudante;
			};
			name = Debug;
		};
		4225222F2306E9A900B66C5B /* Release */ = {
			isa = XCBuildConfiguration;
			buildSettings = {
				ALWAYS_EMBED_SWIFT_STANDARD_LIBRARIES = YES;
				CODE_SIGN_STYLE = Automatic;
				INFOPLIST_FILE = ID_estudanteUITests/Info.plist;
				LD_RUNPATH_SEARCH_PATHS = (
					"$(inherited)",
					"@executable_path/Frameworks",
					"@loader_path/Frameworks",
				);
				PRODUCT_BUNDLE_IDENTIFIER = "labsec.ID-estudanteUITests";
				PRODUCT_NAME = "$(TARGET_NAME)";
				SWIFT_VERSION = 5.0;
				TARGETED_DEVICE_FAMILY = "1,2";
				TEST_TARGET_NAME = ID_estudante;
			};
			name = Release;
		};
/* End XCBuildConfiguration section */

/* Begin XCConfigurationList section */
		422521FA2306E9A800B66C5B /* Build configuration list for PBXProject "ID_estudante" */ = {
			isa = XCConfigurationList;
			buildConfigurations = (
				422522252306E9A900B66C5B /* Debug */,
				422522262306E9A900B66C5B /* Release */,
			);
			defaultConfigurationIsVisible = 0;
			defaultConfigurationName = Release;
		};
		422522272306E9A900B66C5B /* Build configuration list for PBXNativeTarget "ID_estudante" */ = {
			isa = XCConfigurationList;
			buildConfigurations = (
				422522282306E9A900B66C5B /* Debug */,
				422522292306E9A900B66C5B /* Release */,
			);
			defaultConfigurationIsVisible = 0;
			defaultConfigurationName = Release;
		};
		4225222A2306E9A900B66C5B /* Build configuration list for PBXNativeTarget "ID_estudanteTests" */ = {
			isa = XCConfigurationList;
			buildConfigurations = (
				4225222B2306E9A900B66C5B /* Debug */,
				4225222C2306E9A900B66C5B /* Release */,
			);
			defaultConfigurationIsVisible = 0;
			defaultConfigurationName = Release;
		};
		4225222D2306E9A900B66C5B /* Build configuration list for PBXNativeTarget "ID_estudanteUITests" */ = {
			isa = XCConfigurationList;
			buildConfigurations = (
				4225222E2306E9A900B66C5B /* Debug */,
				4225222F2306E9A900B66C5B /* Release */,
			);
			defaultConfigurationIsVisible = 0;
			defaultConfigurationName = Release;
		};
/* End XCConfigurationList section */
	};
	rootObject = 422521F72306E9A800B66C5B /* Project object */;
}
